
Microsoft Visual Studio Solution File, Format Version 12.00
# Visual Studio Version 17
VisualStudioVersion = 17.7.34221.43
MinimumVisualStudioVersion = 10.0.40219.1
Project("{FAE04EC0-301F-11D3-BF4B-00C04F79EFBC}") = "DrawSimpleTree", "DrawSimpleTree\DrawSimpleTree.csproj", "{6DBE6F3D-0170-4312-980F-0E9E65F7FAB4}"
EndProject
Global
	GlobalSection(SolutionConfigurationPlatforms) = preSolution
		Debug|Any CPU = Debug|Any CPU
		Release|Any CPU = Release|Any CPU
	EndGlobalSection
	GlobalSection(ProjectConfigurationPlatforms) = postSolution
		{6DBE6F3D-0170-4312-980F-0E9E65F7FAB4}.Debug|Any CPU.ActiveCfg = Debug|Any CPU
		{6DBE6F3D-0170-4312-980F-0E9E65F7FAB4}.Debug|Any CPU.Build.0 = Debug|Any CPU
		{6DBE6F3D-0170-4312-980F-0E9E65F7FAB4}.Release|Any CPU.ActiveCfg = Release|Any CPU
		{6DBE6F3D-0170-4312-980F-0E9E65F7FAB4}.Release|Any CPU.Build.0 = Release|Any CPU
	EndGlobalSection
	GlobalSection(SolutionProperties) = preSolution
		HideSolutionNode = FALSE
	EndGlobalSection
	GlobalSection(ExtensibilityGlobals) = postSolution
		SolutionGuid = {635C0360-28CB-4C72-A09F-316CBB959EA9}
	EndGlobalSection
EndGlobal
